
{
  "name": "aws-serverless-nlp-comprehend-using-aws-cdk",
  "version": "0.1.0",
  "lockfileVersion": 1,
  "requires": true,
  "dependencies": {
    "@ampproject/remapping": {
      "version": "2.2.0",
      "resolved": "https://registry.npmjs.org/@ampproject/remapping/-/remapping-2.2.0.tgz",
      "integrity": "sha512-qRmjj8nj9qmLTQXXmaR1cck3UXSRMPrbsLJAasZpF+t3riI71BXed5ebIOYwQntykeZuhjsdweEc9BxH5Jc26w==",
      "dev": true,
      "requires": {
        "@jridgewell/gen-mapping": "^0.1.0",
        "@jridgewell/trace-mapping": "^0.3.9"
      }
    },
    "@aws-cdk/asset-awscli-v1": {
      "version": "2.2.196",
      "resolved": "https://registry.npmjs.org/@aws-cdk/asset-awscli-v1/-/asset-awscli-v1-2.2.196.tgz",
      "integrity": "sha512-F8hU1rEzYS7z5Dt2s+ttd0/jMvPuUE9BcXexgq+dIOLuZsRpDwNnkMBtjNaJXJS48ZGJ2X4b8VlklseepdtoSA=="
    },
    "@aws-cdk/asset-kubectl-v20": {
      "version": "2.1.2",
      "resolved": "https://registry.npmjs.org/@aws-cdk/asset-kubectl-v20/-/asset-kubectl-v20-2.1.2.tgz",
      "integrity": "sha512-3M2tELJOxQv0apCIiuKQ4pAbncz9GuLwnKFqxifWfe77wuMxyTRPmxssYHs42ePqzap1LT6GDcPygGs+hHstLg=="
    },
    "@aws-cdk/asset-node-proxy-agent-v5": {
      "version": "2.0.165",
      "resolved": "https://registry.npmjs.org/@aws-cdk/asset-node-proxy-agent-v5/-/asset-node-proxy-agent-v5-2.0.165.tgz",
      "integrity": "sha512-bsyLQD/vqXQcc9RDmlM1XqiFNO/yewgVFXmkMcQkndJbmE/jgYkzewwYGrBlfL725hGLQipXq19+jwWwdsXQqg=="
    },
    "@aws-cdk/aws-glue-alpha": {
      "version": "2.45.0-alpha.0",
      "resolved": "https://registry.npmjs.org/@aws-cdk/aws-glue-alpha/-/aws-glue-alpha-2.45.0-alpha.0.tgz",
      "integrity": "sha512-phORWVySqpizPulLLLi/FAdg2UHftZNYJHN9chLwa+t04upam4/3Wzc4jaEBtNkMM6nZ0H4CDFrZz+t+6jjIQg=="
    },
    "@aws-solutions-constructs/aws-cognito-apigateway-lambda": {
      "version": "2.25.0",
      "resolved": "https://registry.npmjs.org/@aws-solutions-constructs/aws-cognito-apigateway-lambda/-/aws-cognito-apigateway-lambda-2.25.0.tgz",
      "integrity": "sha512-Orrux0vQPMww+7fdTWMhMYlE0O1rkXQKp23BMtFpKn21HWipydXMCsbC2aluxhN26EukFecdg0CqMKemlXa07g==",
      "requires": {
        "@aws-solutions-constructs/core": "2.25.0"
      }
    },
    "@aws-solutions-constructs/aws-dynamodbstreams-lambda": {
      "version": "2.25.0",
      "resolved": "https://registry.npmjs.org/@aws-solutions-constructs/aws-dynamodbstreams-lambda/-/aws-dynamodbstreams-lambda-2.25.0.tgz",
      "integrity": "sha512-+c4knmlm/GMcZRL4ZPmZsu56Wyz3cCsuAQqrkv+FmouQtCdZ8gJvOzBrwNyZfdN25y2zIZ7lMDdOhtV3zjPCZw==",
      "requires": {
        "@aws-solutions-constructs/core": "2.25.0"
      }
    },
    "@aws-solutions-constructs/aws-kinesisfirehose-s3": {
      "version": "2.25.0",
      "resolved": "https://registry.npmjs.org/@aws-solutions-constructs/aws-kinesisfirehose-s3/-/aws-kinesisfirehose-s3-2.25.0.tgz",
      "integrity": "sha512-uHtf2pqnoI7VwCp3N1gf5K9PclK1g/KZ9ZMlRqhLeJqhSqOmg2syW5n70wo/ByZNKENfdLK9bP00csZl9dy3yQ==",
      "requires": {
        "@aws-solutions-constructs/core": "2.25.0"
      }
    },
    "@aws-solutions-constructs/aws-kinesisstreams-kinesisfirehose-s3": {
      "version": "2.25.0",
      "resolved": "https://registry.npmjs.org/@aws-solutions-constructs/aws-kinesisstreams-kinesisfirehose-s3/-/aws-kinesisstreams-kinesisfirehose-s3-2.25.0.tgz",
      "integrity": "sha512-zX48C42eIt9KKg8sRFCjAVLYVwGFuJsRNO8/ae59rBTBbpDxufBrYJI5GVinUaED7CIn69ZnnCq5HH/pZc0hRw==",
      "requires": {
        "@aws-solutions-constructs/aws-kinesisfirehose-s3": "2.25.0",
        "@aws-solutions-constructs/aws-kinesisstreams-lambda": "2.25.0",
        "@aws-solutions-constructs/core": "2.25.0"
      }
    },
    "@aws-solutions-constructs/aws-kinesisstreams-lambda": {
      "version": "2.25.0",
      "resolved": "https://registry.npmjs.org/@aws-solutions-constructs/aws-kinesisstreams-lambda/-/aws-kinesisstreams-lambda-2.25.0.tgz",
      "integrity": "sha512-q1obYEFLLDmrnbvVOeImfBtcrpAhgO/XKdEzY4Pv3r+WWd5PXfFz/DWsCRZL2S6EJrZ3yKgN7v60hma1Eur/8Q==",
      "requires": {
        "@aws-solutions-constructs/core": "2.25.0"
      }
    },
    "@aws-solutions-constructs/aws-lambda-dynamodb": {
      "version": "2.25.0",
      "resolved": "https://registry.npmjs.org/@aws-solutions-constructs/aws-lambda-dynamodb/-/aws-lambda-dynamodb-2.25.0.tgz",
      "integrity": "sha512-ls8bp2nloFcVnBpMIWSHFMHoCoY7HgGpM7RLGMV0F60aTskC+hqrEqc2/InD5wgG3wsBn0opwlrC1Qv1lxuDQw==",
      "requires": {
        "@aws-solutions-constructs/core": "2.25.0"
      }
    },
    "@aws-solutions-constructs/aws-wafwebacl-apigateway": {
      "version": "2.25.0",
      "resolved": "https://registry.npmjs.org/@aws-solutions-constructs/aws-wafwebacl-apigateway/-/aws-wafwebacl-apigateway-2.25.0.tgz",
      "integrity": "sha512-rezhqolMLXf3HQFHYNwTLu7amxZpw/Z1qMoDzk7napIIq3cdvLAjGAOo1eiw6YCvIh5xG+uhYWvaHxi8zDXF/w==",
      "requires": {
        "@aws-solutions-constructs/core": "2.25.0"
      }
    },
    "@aws-solutions-constructs/core": {
      "version": "2.25.0",
      "resolved": "https://registry.npmjs.org/@aws-solutions-constructs/core/-/core-2.25.0.tgz",
      "integrity": "sha512-kUrmHpXiaXLfwMkj1j2Q5vRwKMTERrFHfCDAIyNcU/Pe6nr8chJ6o0sKk76Okyr1Sr1Lk8QYoOtj2aIj6EgdPQ==",
      "requires": {
        "deep-diff": "^1.0.2",
        "deepmerge": "^4.0.0",
        "npmlog": "^4.1.2"
      },
      "dependencies": {
        "ansi-regex": {
          "version": "2.1.1",
          "bundled": true
        },
        "aproba": {
          "version": "1.2.0",
          "bundled": true
        },
        "are-we-there-yet": {