
{
  "name": "aws-serverless-nlp-comprehend-using-aws-cdk",
  "version": "0.1.0",
  "lockfileVersion": 1,
  "requires": true,
  "dependencies": {
    "@ampproject/remapping": {
      "version": "2.2.0",
      "resolved": "https://registry.npmjs.org/@ampproject/remapping/-/remapping-2.2.0.tgz",
      "integrity": "sha512-qRmjj8nj9qmLTQXXmaR1cck3UXSRMPrbsLJAasZpF+t3riI71BXed5ebIOYwQntykeZuhjsdweEc9BxH5Jc26w==",
      "dev": true,
      "requires": {
        "@jridgewell/gen-mapping": "^0.1.0",
        "@jridgewell/trace-mapping": "^0.3.9"
      }
    },
    "@aws-cdk/asset-awscli-v1": {
      "version": "2.2.196",
      "resolved": "https://registry.npmjs.org/@aws-cdk/asset-awscli-v1/-/asset-awscli-v1-2.2.196.tgz",
      "integrity": "sha512-F8hU1rEzYS7z5Dt2s+ttd0/jMvPuUE9BcXexgq+dIOLuZsRpDwNnkMBtjNaJXJS48ZGJ2X4b8VlklseepdtoSA=="
    },
    "@aws-cdk/asset-kubectl-v20": {
      "version": "2.1.2",
      "resolved": "https://registry.npmjs.org/@aws-cdk/asset-kubectl-v20/-/asset-kubectl-v20-2.1.2.tgz",
      "integrity": "sha512-3M2tELJOxQv0apCIiuKQ4pAbncz9GuLwnKFqxifWfe77wuMxyTRPmxssYHs42ePqzap1LT6GDcPygGs+hHstLg=="
    },
    "@aws-cdk/asset-node-proxy-agent-v5": {
      "version": "2.0.165",
      "resolved": "https://registry.npmjs.org/@aws-cdk/asset-node-proxy-agent-v5/-/asset-node-proxy-agent-v5-2.0.165.tgz",
      "integrity": "sha512-bsyLQD/vqXQcc9RDmlM1XqiFNO/yewgVFXmkMcQkndJbmE/jgYkzewwYGrBlfL725hGLQipXq19+jwWwdsXQqg=="
    },
    "@aws-cdk/aws-glue-alpha": {
      "version": "2.45.0-alpha.0",
      "resolved": "https://registry.npmjs.org/@aws-cdk/aws-glue-alpha/-/aws-glue-alpha-2.45.0-alpha.0.tgz",
      "integrity": "sha512-phORWVySqpizPulLLLi/FAdg2UHftZNYJHN9chLwa+t04upam4/3Wzc4jaEBtNkMM6nZ0H4CDFrZz+t+6jjIQg=="
    },
    "@aws-solutions-constructs/aws-cognito-apigateway-lambda": {
      "version": "2.25.0",
      "resolved": "https://registry.npmjs.org/@aws-solutions-constructs/aws-cognito-apigateway-lambda/-/aws-cognito-apigateway-lambda-2.25.0.tgz",
      "integrity": "sha512-Orrux0vQPMww+7fdTWMhMYlE0O1rkXQKp23BMtFpKn21HWipydXMCsbC2aluxhN26EukFecdg0CqMKemlXa07g==",
      "requires": {
        "@aws-solutions-constructs/core": "2.25.0"
      }
    },
    "@aws-solutions-constructs/aws-dynamodbstreams-lambda": {
      "version": "2.25.0",
      "resolved": "https://registry.npmjs.org/@aws-solutions-constructs/aws-dynamodbstreams-lambda/-/aws-dynamodbstreams-lambda-2.25.0.tgz",
      "integrity": "sha512-+c4knmlm/GMcZRL4ZPmZsu56Wyz3cCsuAQqrkv+FmouQtCdZ8gJvOzBrwNyZfdN25y2zIZ7lMDdOhtV3zjPCZw==",
      "requires": {
        "@aws-solutions-constructs/core": "2.25.0"
      }
    },
    "@aws-solutions-constructs/aws-kinesisfirehose-s3": {
      "version": "2.25.0",
      "resolved": "https://registry.npmjs.org/@aws-solutions-constructs/aws-kinesisfirehose-s3/-/aws-kinesisfirehose-s3-2.25.0.tgz",
      "integrity": "sha512-uHtf2pqnoI7VwCp3N1gf5K9PclK1g/KZ9ZMlRqhLeJqhSqOmg2syW5n70wo/ByZNKENfdLK9bP00csZl9dy3yQ==",
      "requires": {
        "@aws-solutions-constructs/core": "2.25.0"
      }
    },
    "@aws-solutions-constructs/aws-kinesisstreams-kinesisfirehose-s3": {
      "version": "2.25.0",
      "resolved": "https://registry.npmjs.org/@aws-solutions-constructs/aws-kinesisstreams-kinesisfirehose-s3/-/aws-kinesisstreams-kinesisfirehose-s3-2.25.0.tgz",
      "integrity": "sha512-zX48C42eIt9KKg8sRFCjAVLYVwGFuJsRNO8/ae59rBTBbpDxufBrYJI5GVinUaED7CIn69ZnnCq5HH/pZc0hRw==",
      "requires": {
        "@aws-solutions-constructs/aws-kinesisfirehose-s3": "2.25.0",
        "@aws-solutions-constructs/aws-kinesisstreams-lambda": "2.25.0",
        "@aws-solutions-constructs/core": "2.25.0"
      }
    },
    "@aws-solutions-constructs/aws-kinesisstreams-lambda": {
      "version": "2.25.0",
      "resolved": "https://registry.npmjs.org/@aws-solutions-constructs/aws-kinesisstreams-lambda/-/aws-kinesisstreams-lambda-2.25.0.tgz",
      "integrity": "sha512-q1obYEFLLDmrnbvVOeImfBtcrpAhgO/XKdEzY4Pv3r+WWd5PXfFz/DWsCRZL2S6EJrZ3yKgN7v60hma1Eur/8Q==",
      "requires": {
        "@aws-solutions-constructs/core": "2.25.0"
      }
    },
    "@aws-solutions-constructs/aws-lambda-dynamodb": {
      "version": "2.25.0",
      "resolved": "https://registry.npmjs.org/@aws-solutions-constructs/aws-lambda-dynamodb/-/aws-lambda-dynamodb-2.25.0.tgz",
      "integrity": "sha512-ls8bp2nloFcVnBpMIWSHFMHoCoY7HgGpM7RLGMV0F60aTskC+hqrEqc2/InD5wgG3wsBn0opwlrC1Qv1lxuDQw==",
      "requires": {
        "@aws-solutions-constructs/core": "2.25.0"
      }
    },
    "@aws-solutions-constructs/aws-wafwebacl-apigateway": {
      "version": "2.25.0",
      "resolved": "https://registry.npmjs.org/@aws-solutions-constructs/aws-wafwebacl-apigateway/-/aws-wafwebacl-apigateway-2.25.0.tgz",
      "integrity": "sha512-rezhqolMLXf3HQFHYNwTLu7amxZpw/Z1qMoDzk7napIIq3cdvLAjGAOo1eiw6YCvIh5xG+uhYWvaHxi8zDXF/w==",
      "requires": {
        "@aws-solutions-constructs/core": "2.25.0"
      }
    },
    "@aws-solutions-constructs/core": {
      "version": "2.25.0",
      "resolved": "https://registry.npmjs.org/@aws-solutions-constructs/core/-/core-2.25.0.tgz",
      "integrity": "sha512-kUrmHpXiaXLfwMkj1j2Q5vRwKMTERrFHfCDAIyNcU/Pe6nr8chJ6o0sKk76Okyr1Sr1Lk8QYoOtj2aIj6EgdPQ==",
      "requires": {
        "deep-diff": "^1.0.2",
        "deepmerge": "^4.0.0",
        "npmlog": "^4.1.2"
      },
      "dependencies": {
        "ansi-regex": {
          "version": "2.1.1",
          "bundled": true
        },
        "aproba": {
          "version": "1.2.0",
          "bundled": true
        },
        "are-we-there-yet": {
          "version": "1.1.7",
          "bundled": true,
          "requires": {
            "delegates": "^1.0.0",
            "readable-stream": "^2.0.6"
          }
        },
        "code-point-at": {
          "version": "1.1.0",
          "bundled": true
        },
        "console-control-strings": {
          "version": "1.1.0",
          "bundled": true
        },
        "core-util-is": {
          "version": "1.0.3",
          "bundled": true
        },
        "deep-diff": {
          "version": "1.0.2",
          "bundled": true
        },
        "deepmerge": {
          "version": "4.2.2",
          "bundled": true
        },
        "delegates": {
          "version": "1.0.0",
          "bundled": true
        },
        "emoji-regex": {
          "version": "8.0.0",
          "bundled": true
        },
        "gauge": {
          "version": "2.7.4",
          "bundled": true,
          "requires": {
            "aproba": "^1.0.3",
            "console-control-strings": "^1.0.0",
            "has-unicode": "^2.0.0",
            "object-assign": "^4.1.0",
            "signal-exit": "^3.0.0",
            "string-width": "^1.0.1",
            "strip-ansi": "^3.0.1",
            "wide-align": "^1.1.0"
          }
        },
        "has-unicode": {
          "version": "2.0.1",
          "bundled": true
        },
        "inherits": {
          "version": "2.0.4",
          "bundled": true
        },
        "is-fullwidth-code-point": {
          "version": "1.0.0",
          "bundled": true,
          "requires": {
            "number-is-nan": "^1.0.0"
          }
        },
        "isarray": {
          "version": "1.0.0",
          "bundled": true
        },
        "npmlog": {
          "version": "4.1.2",
          "bundled": true,
          "requires": {
            "are-we-there-yet": "~1.1.2",
            "console-control-strings": "~1.1.0",
            "gauge": "~2.7.3",
            "set-blocking": "~2.0.0"
          }
        },
        "number-is-nan": {
          "version": "1.0.1",
          "bundled": true
        },
        "object-assign": {
          "version": "4.1.1",
          "bundled": true
        },
        "process-nextick-args": {
          "version": "2.0.1",
          "bundled": true
        },
        "readable-stream": {
          "version": "2.3.7",
          "bundled": true,
          "requires": {
            "core-util-is": "~1.0.0",
            "inherits": "~2.0.3",
            "isarray": "~1.0.0",
            "process-nextick-args": "~2.0.0",
            "safe-buffer": "~5.1.1",
            "string_decoder": "~1.1.1",
            "util-deprecate": "~1.0.1"
          }
        },
        "safe-buffer": {
          "version": "5.1.2",
          "bundled": true
        },
        "set-blocking": {
          "version": "2.0.0",
          "bundled": true
        },
        "signal-exit": {
          "version": "3.0.7",
          "bundled": true
        },
        "string-width": {
          "version": "1.0.2",
          "bundled": true,
          "requires": {
            "code-point-at": "^1.0.0",
            "is-fullwidth-code-point": "^1.0.0",
            "strip-ansi": "^3.0.0"
          }
        },
        "string_decoder": {
          "version": "1.1.1",
          "bundled": true,
          "requires": {
            "safe-buffer": "~5.1.0"
          }
        },
        "strip-ansi": {
          "version": "3.0.1",
          "bundled": true,
          "requires": {
            "ansi-regex": "^2.0.0"
          }
        },
        "util-deprecate": {
          "version": "1.0.2",
          "bundled": true
        },
        "wide-align": {
          "version": "1.1.5",
          "bundled": true,
          "requires": {
            "string-width": "^1.0.2 || 2 || 3 || 4"
          },
          "dependencies": {
            "ansi-regex": {
              "version": "5.0.1",
              "bundled": true
            },
            "is-fullwidth-code-point": {
              "version": "3.0.0",
              "bundled": true
            },
            "string-width": {
              "version": "4.2.3",
              "bundled": true,
              "requires": {
                "emoji-regex": "^8.0.0",
                "is-fullwidth-code-point": "^3.0.0",
                "strip-ansi": "^6.0.1"
              }
            },
            "strip-ansi": {
              "version": "6.0.1",
              "bundled": true,
              "requires": {
                "ansi-regex": "^5.0.1"
              }
            }
          }
        }
      }
    },
    "@babel/code-frame": {
      "version": "7.18.6",
      "resolved": "https://registry.npmjs.org/@babel/code-frame/-/code-frame-7.18.6.tgz",
      "integrity": "sha512-TDCmlK5eOvH+eH7cdAFlNXeVJqWIQ7gW9tY1GJIpUtFb6CmjVyq2VM3u71bOyR8CRihcCgMUYoDNyLXao3+70Q==",
      "dev": true,
      "requires": {
        "@babel/highlight": "^7.18.6"
      }
    },
    "@babel/compat-data": {
      "version": "7.18.13",
      "resolved": "https://registry.npmjs.org/@babel/compat-data/-/compat-data-7.18.13.tgz",
      "integrity": "sha512-5yUzC5LqyTFp2HLmDoxGQelcdYgSpP9xsnMWBphAscOdFrHSAVbLNzWiy32sVNDqJRDiJK6klfDnAgu6PAGSHw==",
      "dev": true
    },
    "@babel/core": {
      "version": "7.18.13",
      "resolved": "https://registry.npmjs.org/@babel/core/-/core-7.18.13.tgz",
      "integrity": "sha512-ZisbOvRRusFktksHSG6pjj1CSvkPkcZq/KHD45LAkVP/oiHJkNBZWfpvlLmX8OtHDG8IuzsFlVRWo08w7Qxn0A==",
      "dev": true,
      "requires": {
        "@ampproject/remapping": "^2.1.0",
        "@babel/code-frame": "^7.18.6",
        "@babel/generator": "^7.18.13",
        "@babel/helper-compilation-targets": "^7.18.9",
        "@babel/helper-module-transforms": "^7.18.9",
        "@babel/helpers": "^7.18.9",
        "@babel/parser": "^7.18.13",
        "@babel/template": "^7.18.10",
        "@babel/traverse": "^7.18.13",
        "@babel/types": "^7.18.13",
        "convert-source-map": "^1.7.0",
        "debug": "^4.1.0",
        "gensync": "^1.0.0-beta.2",
        "json5": "^2.2.1",
        "semver": "^6.3.0"
      }
    },
    "@babel/generator": {
      "version": "7.18.13",
      "resolved": "https://registry.npmjs.org/@babel/generator/-/generator-7.18.13.tgz",
      "integrity": "sha512-CkPg8ySSPuHTYPJYo7IRALdqyjM9HCbt/3uOBEFbzyGVP6Mn8bwFPB0jX6982JVNBlYzM1nnPkfjuXSOPtQeEQ==",
      "dev": true,
      "requires": {
        "@babel/types": "^7.18.13",
        "@jridgewell/gen-mapping": "^0.3.2",
        "jsesc": "^2.5.1"
      },
      "dependencies": {
        "@jridgewell/gen-mapping": {
          "version": "0.3.2",
          "resolved": "https://registry.npmjs.org/@jridgewell/gen-mapping/-/gen-mapping-0.3.2.tgz",
          "integrity": "sha512-mh65xKQAzI6iBcFzwv28KVWSmCkdRBWoOh+bYQGW3+6OZvbbN3TqMGo5hqYxQniRcH9F2VZIoJCm4pa3BPDK/A==",
          "dev": true,
          "requires": {
            "@jridgewell/set-array": "^1.0.1",
            "@jridgewell/sourcemap-codec": "^1.4.10",
            "@jridgewell/trace-mapping": "^0.3.9"
          }
        }
      }
    },
    "@babel/helper-compilation-targets": {
      "version": "7.18.9",
      "resolved": "https://registry.npmjs.org/@babel/helper-compilation-targets/-/helper-compilation-targets-7.18.9.tgz",
      "integrity": "sha512-tzLCyVmqUiFlcFoAPLA/gL9TeYrF61VLNtb+hvkuVaB5SUjW7jcfrglBIX1vUIoT7CLP3bBlIMeyEsIl2eFQNg==",
      "dev": true,
      "requires": {
        "@babel/compat-data": "^7.18.8",
        "@babel/helper-validator-option": "^7.18.6",
        "browserslist": "^4.20.2",
        "semver": "^6.3.0"
      }
    },
    "@babel/helper-environment-visitor": {
      "version": "7.18.9",
      "resolved": "https://registry.npmjs.org/@babel/helper-environment-visitor/-/helper-environment-visitor-7.18.9.tgz",
      "integrity": "sha512-3r/aACDJ3fhQ/EVgFy0hpj8oHyHpQc+LPtJoY9SzTThAsStm4Ptegq92vqKoE3vD706ZVFWITnMnxucw+S9Ipg==",
      "dev": true
    },
    "@babel/helper-module-imports": {
      "version": "7.18.6",
      "resolved": "https://registry.npmjs.org/@babel/helper-module-imports/-/helper-module-imports-7.18.6.tgz",
      "integrity": "sha512-0NFvs3VkuSYbFi1x2Vd6tKrywq+z/cLeYC/RJNFrIX/30Bf5aiGYbtvGXolEktzJH8o5E5KJ3tT+nkxuuZFVlA==",
      "dev": true,
      "requires": {
        "@babel/types": "^7.18.6"
      }
    },
    "@babel/helper-module-transforms": {
      "version": "7.18.9",
      "resolved": "https://registry.npmjs.org/@babel/helper-module-transforms/-/helper-module-transforms-7.18.9.tgz",
      "integrity": "sha512-KYNqY0ICwfv19b31XzvmI/mfcylOzbLtowkw+mfvGPAQ3kfCnMLYbED3YecL5tPd8nAYFQFAd6JHp2LxZk/J1g==",
      "dev": true,
      "requires": {
        "@babel/helper-environment-visitor": "^7.18.9",
        "@babel/helper-module-imports": "^7.18.6",
        "@babel/helper-simple-access": "^7.18.6",
        "@babel/helper-split-export-declaration": "^7.18.6",
        "@babel/helper-validator-identifier": "^7.18.6",
        "@babel/template": "^7.18.6",
        "@babel/traverse": "^7.18.9",
        "@babel/types": "^7.18.9"
      }
    },
    "@babel/helper-plugin-utils": {
      "version": "7.18.9",
      "resolved": "https://registry.npmjs.org/@babel/helper-plugin-utils/-/helper-plugin-utils-7.18.9.tgz",
      "integrity": "sha512-aBXPT3bmtLryXaoJLyYPXPlSD4p1ld9aYeR+sJNOZjJJGiOpb+fKfh3NkcCu7J54nUJwCERPBExCCpyCOHnu/w==",
      "dev": true
    },
    "@babel/helper-simple-access": {
      "version": "7.18.6",
      "resolved": "https://registry.npmjs.org/@babel/helper-simple-access/-/helper-simple-access-7.18.6.tgz",
      "integrity": "sha512-iNpIgTgyAvDQpDj76POqg+YEt8fPxx3yaNBg3S30dxNKm2SWfYhD0TGrK/Eu9wHpUW63VQU894TsTg+GLbUa1g==",
      "dev": true,
      "requires": {
        "@babel/types": "^7.18.6"
      }
    },
    "@babel/helper-split-export-declaration": {
      "version": "7.18.6",
      "resolved": "https://registry.npmjs.org/@babel/helper-split-export-declaration/-/helper-split-export-declaration-7.18.6.tgz",
      "integrity": "sha512-bde1etTx6ZyTmobl9LLMMQsaizFVZrquTEHOqKeQESMKo4PlObf+8+JA25ZsIpZhT/WEd39+vOdLXAFG/nELpA==",
      "dev": true,
      "requires": {
        "@babel/types": "^7.18.6"
      }
    },
    "@babel/helper-string-parser": {
      "version": "7.18.10",
      "resolved": "https://registry.npmjs.org/@babel/helper-string-parser/-/helper-string-parser-7.18.10.tgz",
      "integrity": "sha512-XtIfWmeNY3i4t7t4D2t02q50HvqHybPqW2ki1kosnvWCwuCMeo81Jf0gwr85jy/neUdg5XDdeFE/80DXiO+njw==",
      "dev": true
    },
    "@babel/helper-validator-identifier": {
      "version": "7.18.6",
      "resolved": "https://registry.npmjs.org/@babel/helper-validator-identifier/-/helper-validator-identifier-7.18.6.tgz",
      "integrity": "sha512-MmetCkz9ej86nJQV+sFCxoGGrUbU3q02kgLciwkrt9QqEB7cP39oKEY0PakknEO0Gu20SskMRi+AYZ3b1TpN9g==",
      "dev": true
    },
    "@babel/helper-validator-option": {
      "version": "7.18.6",
      "resolved": "https://registry.npmjs.org/@babel/helper-validator-option/-/helper-validator-option-7.18.6.tgz",
      "integrity": "sha512-XO7gESt5ouv/LRJdrVjkShckw6STTaB7l9BrpBaAHDeF5YZT+01PCwmR0SJHnkW6i8OwW/EVWRShfi4j2x+KQw==",
      "dev": true
    },
    "@babel/helpers": {
      "version": "7.18.9",
      "resolved": "https://registry.npmjs.org/@babel/helpers/-/helpers-7.18.9.tgz",
      "integrity": "sha512-Jf5a+rbrLoR4eNdUmnFu8cN5eNJT6qdTdOg5IHIzq87WwyRw9PwguLFOWYgktN/60IP4fgDUawJvs7PjQIzELQ==",
      "dev": true,
      "requires": {
        "@babel/template": "^7.18.6",
        "@babel/traverse": "^7.18.9",
        "@babel/types": "^7.18.9"
      }
    },
    "@babel/highlight": {
      "version": "7.18.6",
      "resolved": "https://registry.npmjs.org/@babel/highlight/-/highlight-7.18.6.tgz",
      "integrity": "sha512-u7stbOuYjaPezCuLj29hNW1v64M2Md2qupEKP1fHc7WdOA3DgLh37suiSrZYY7haUB7iBeQZ9P1uiRF359do3g==",
      "dev": true,
      "requires": {
        "@babel/helper-validator-identifier": "^7.18.6",
        "chalk": "^2.0.0",
        "js-tokens": "^4.0.0"
      },
      "dependencies": {
        "ansi-styles": {
          "version": "3.2.1",
          "resolved": "https://registry.npmjs.org/ansi-styles/-/ansi-styles-3.2.1.tgz",
          "integrity": "sha512-VT0ZI6kZRdTh8YyJw3SMbYm/u+NqfsAxEpWO0Pf9sq8/e94WxxOpPKx9FR1FlyCtOVDNOQ+8ntlqFxiRc+r5qA==",
          "dev": true,
          "requires": {
            "color-convert": "^1.9.0"
          }
        },
        "chalk": {
          "version": "2.4.2",
          "resolved": "https://registry.npmjs.org/chalk/-/chalk-2.4.2.tgz",
          "integrity": "sha512-Mti+f9lpJNcwF4tWV8/OrTTtF1gZi+f8FqlyAdouralcFWFQWF2+NgCHShjkCb+IFBLq9buZwE1xckQU4peSuQ==",
          "dev": true,
          "requires": {
            "ansi-styles": "^3.2.1",
            "escape-string-regexp": "^1.0.5",
            "supports-color": "^5.3.0"
          }
        },
        "color-convert": {
          "version": "1.9.3",
          "resolved": "https://registry.npmjs.org/color-convert/-/color-convert-1.9.3.tgz",
          "integrity": "sha512-QfAUtd+vFdAtFQcC8CCyYt1fYWxSqAiK2cSD6zDB8N3cpsEBAvRxp9zOGg6G/SHHJYAT88/az/IuDGALsNVbGg==",
          "dev": true,
          "requires": {
            "color-name": "1.1.3"
          }
        },
        "color-name": {
          "version": "1.1.3",
          "resolved": "https://registry.npmjs.org/color-name/-/color-name-1.1.3.tgz",
          "integrity": "sha512-72fSenhMw2HZMTVHeCA9KCmpEIbzWiQsjN+BHcBbS9vr1mtt+vJjPdksIBNUmKAW8TFUDPJK5SUU3QhE9NEXDw==",
          "dev": true
        },
        "has-flag": {
          "version": "3.0.0",
          "resolved": "https://registry.npmjs.org/has-flag/-/has-flag-3.0.0.tgz",
          "integrity": "sha512-sKJf1+ceQBr4SMkvQnBDNDtf4TXpVhVGateu0t918bl30FnbE2m4vNLX+VWe/dpjlb+HugGYzW7uQXH98HPEYw==",
          "dev": true
        },
        "supports-color": {
          "version": "5.5.0",
          "resolved": "https://registry.npmjs.org/supports-color/-/supports-color-5.5.0.tgz",
          "integrity": "sha512-QjVjwdXIt408MIiAqCX4oUKsgU2EqAGzs2Ppkm4aQYbjm+ZEWEcW4SfFNTr4uMNZma0ey4f5lgLrkB0aX0QMow==",
          "dev": true,
          "requires": {
            "has-flag": "^3.0.0"
          }
        }
      }
    },
    "@babel/parser": {
      "version": "7.18.13",
      "resolved": "https://registry.npmjs.org/@babel/parser/-/parser-7.18.13.tgz",
      "integrity": "sha512-dgXcIfMuQ0kgzLB2b9tRZs7TTFFaGM2AbtA4fJgUUYukzGH4jwsS7hzQHEGs67jdehpm22vkgKwvbU+aEflgwg==",
      "dev": true
    },
    "@babel/plugin-syntax-async-generators": {
      "version": "7.8.4",
      "resolved": "https://registry.npmjs.org/@babel/plugin-syntax-async-generators/-/plugin-syntax-async-generators-7.8.4.tgz",
      "integrity": "sha512-tycmZxkGfZaxhMRbXlPXuVFpdWlXpir2W4AMhSJgRKzk/eDlIXOhb2LHWoLpDF7TEHylV5zNhykX6KAgHJmTNw==",
      "dev": true,
      "requires": {
        "@babel/helper-plugin-utils": "^7.8.0"
      }
    },
    "@babel/plugin-syntax-bigint": {
      "version": "7.8.3",
      "resolved": "https://registry.npmjs.org/@babel/plugin-syntax-bigint/-/plugin-syntax-bigint-7.8.3.tgz",
      "integrity": "sha512-wnTnFlG+YxQm3vDxpGE57Pj0srRU4sHE/mDkt1qv2YJJSeUAec2ma4WLUnUPeKjyrfntVwe/N6dCXpU+zL3Npg==",
      "dev": true,
      "requires": {
        "@babel/helper-plugin-utils": "^7.8.0"
      }
    },
    "@babel/plugin-syntax-class-properties": {
      "version": "7.12.13",
      "resolved": "https://registry.npmjs.org/@babel/plugin-syntax-class-properties/-/plugin-syntax-class-properties-7.12.13.tgz",
      "integrity": "sha512-fm4idjKla0YahUNgFNLCB0qySdsoPiZP3iQE3rky0mBUtMZ23yDJ9SJdg6dXTSDnulOVqiF3Hgr9nbXvXTQZYA==",
      "dev": true,
      "requires": {
        "@babel/helper-plugin-utils": "^7.12.13"
      }
    },
    "@babel/plugin-syntax-import-meta": {
      "version": "7.10.4",
      "resolved": "https://registry.npmjs.org/@babel/plugin-syntax-import-meta/-/plugin-syntax-import-meta-7.10.4.tgz",
      "integrity": "sha512-Yqfm+XDx0+Prh3VSeEQCPU81yC+JWZ2pDPFSS4ZdpfZhp4MkFMaDC1UqseovEKwSUpnIL7+vK+Clp7bfh0iD7g==",
      "dev": true,
      "requires": {
        "@babel/helper-plugin-utils": "^7.10.4"
      }
    },
    "@babel/plugin-syntax-json-strings": {
      "version": "7.8.3",
      "resolved": "https://registry.npmjs.org/@babel/plugin-syntax-json-strings/-/plugin-syntax-json-strings-7.8.3.tgz",
      "integrity": "sha512-lY6kdGpWHvjoe2vk4WrAapEuBR69EMxZl+RoGRhrFGNYVK8mOPAW8VfbT/ZgrFbXlDNiiaxQnAtgVCZ6jv30EA==",
      "dev": true,
      "requires": {
        "@babel/helper-plugin-utils": "^7.8.0"
      }
    },
    "@babel/plugin-syntax-logical-assignment-operators": {
      "version": "7.10.4",
      "resolved": "https://registry.npmjs.org/@babel/plugin-syntax-logical-assignment-operators/-/plugin-syntax-logical-assignment-operators-7.10.4.tgz",
      "integrity": "sha512-d8waShlpFDinQ5MtvGU9xDAOzKH47+FFoney2baFIoMr952hKOLp1HR7VszoZvOsV/4+RRszNY7D17ba0te0ig==",
      "dev": true,
      "requires": {
        "@babel/helper-plugin-utils": "^7.10.4"
      }
    },
    "@babel/plugin-syntax-nullish-coalescing-operator": {
      "version": "7.8.3",
      "resolved": "https://registry.npmjs.org/@babel/plugin-syntax-nullish-coalescing-operator/-/plugin-syntax-nullish-coalescing-operator-7.8.3.tgz",
      "integrity": "sha512-aSff4zPII1u2QD7y+F8oDsz19ew4IGEJg9SVW+bqwpwtfFleiQDMdzA/R+UlWDzfnHFCxxleFT0PMIrR36XLNQ==",
      "dev": true,
      "requires": {
        "@babel/helper-plugin-utils": "^7.8.0"
      }
    },
    "@babel/plugin-syntax-numeric-separator": {
      "version": "7.10.4",
      "resolved": "https://registry.npmjs.org/@babel/plugin-syntax-numeric-separator/-/plugin-syntax-numeric-separator-7.10.4.tgz",
      "integrity": "sha512-9H6YdfkcK/uOnY/K7/aA2xpzaAgkQn37yzWUMRK7OaPOqOpGS1+n0H5hxT9AUw9EsSjPW8SVyMJwYRtWs3X3ug==",
      "dev": true,
      "requires": {
        "@babel/helper-plugin-utils": "^7.10.4"
      }
    },
    "@babel/plugin-syntax-object-rest-spread": {
      "version": "7.8.3",
      "resolved": "https://registry.npmjs.org/@babel/plugin-syntax-object-rest-spread/-/plugin-syntax-object-rest-spread-7.8.3.tgz",
      "integrity": "sha512-XoqMijGZb9y3y2XskN+P1wUGiVwWZ5JmoDRwx5+3GmEplNyVM2s2Dg8ILFQm8rWM48orGy5YpI5Bl8U1y7ydlA==",
      "dev": true,
      "requires": {
        "@babel/helper-plugin-utils": "^7.8.0"
      }
    },
    "@babel/plugin-syntax-optional-catch-binding": {
      "version": "7.8.3",
      "resolved": "https://registry.npmjs.org/@babel/plugin-syntax-optional-catch-binding/-/plugin-syntax-optional-catch-binding-7.8.3.tgz",
      "integrity": "sha512-6VPD0Pc1lpTqw0aKoeRTMiB+kWhAoT24PA+ksWSBrFtl5SIRVpZlwN3NNPQjehA2E/91FV3RjLWoVTglWcSV3Q==",
      "dev": true,
      "requires": {
        "@babel/helper-plugin-utils": "^7.8.0"
      }
    },
    "@babel/plugin-syntax-optional-chaining": {
      "version": "7.8.3",
      "resolved": "https://registry.npmjs.org/@babel/plugin-syntax-optional-chaining/-/plugin-syntax-optional-chaining-7.8.3.tgz",
      "integrity": "sha512-KoK9ErH1MBlCPxV0VANkXW2/dw4vlbGDrFgz8bmUsBGYkFRcbRwMh6cIJubdPrkxRwuGdtCk0v/wPTKbQgBjkg==",
      "dev": true,
      "requires": {
        "@babel/helper-plugin-utils": "^7.8.0"
      }
    },
    "@babel/plugin-syntax-top-level-await": {
      "version": "7.14.5",
      "resolved": "https://registry.npmjs.org/@babel/plugin-syntax-top-level-await/-/plugin-syntax-top-level-await-7.14.5.tgz",
      "integrity": "sha512-hx++upLv5U1rgYfwe1xBQUhRmU41NEvpUvrp8jkrSCdvGSnM5/qdRMtylJ6PG5OFkBaHkbTAKTnd3/YyESRHFw==",
      "dev": true,
      "requires": {
        "@babel/helper-plugin-utils": "^7.14.5"
      }
    },
    "@babel/plugin-syntax-typescript": {
      "version": "7.18.6",
      "resolved": "https://registry.npmjs.org/@babel/plugin-syntax-typescript/-/plugin-syntax-typescript-7.18.6.tgz",
      "integrity": "sha512-mAWAuq4rvOepWCBid55JuRNvpTNf2UGVgoz4JV0fXEKolsVZDzsa4NqCef758WZJj/GDu0gVGItjKFiClTAmZA==",
      "dev": true,
      "requires": {
        "@babel/helper-plugin-utils": "^7.18.6"
      }
    },
    "@babel/template": {
      "version": "7.18.10",
      "resolved": "https://registry.npmjs.org/@babel/template/-/template-7.18.10.tgz",
      "integrity": "sha512-TI+rCtooWHr3QJ27kJxfjutghu44DLnasDMwpDqCXVTal9RLp3RSYNh4NdBrRP2cQAoG9A8juOQl6P6oZG4JxA==",
      "dev": true,
      "requires": {
        "@babel/code-frame": "^7.18.6",
        "@babel/parser": "^7.18.10",
        "@babel/types": "^7.18.10"
      }
    },
    "@babel/traverse": {
      "version": "7.23.2",
      "resolved": "https://registry.npmjs.org/@babel/traverse/-/traverse-7.23.2.tgz",
      "integrity": "sha512-azpe59SQ48qG6nu2CzcMLbxUudtN+dOM9kDbUqGq3HXUJRlo7i8fvPoxQUzYgLZ4cMVmuZgm8vvBpNeRhd6XSw==",
      "dev": true,
      "requires": {
        "@babel/code-frame": "^7.22.13",
        "@babel/generator": "^7.23.0",
        "@babel/helper-environment-visitor": "^7.22.20",
        "@babel/helper-function-name": "^7.23.0",
        "@babel/helper-hoist-variables": "^7.22.5",
        "@babel/helper-split-export-declaration": "^7.22.6",
        "@babel/parser": "^7.23.0",
        "@babel/types": "^7.23.0",
        "debug": "^4.1.0",
        "globals": "^11.1.0"
      },
      "dependencies": {
        "@babel/code-frame": {
          "version": "7.22.13",
          "resolved": "https://registry.npmjs.org/@babel/code-frame/-/code-frame-7.22.13.tgz",
          "integrity": "sha512-XktuhWlJ5g+3TJXc5upd9Ks1HutSArik6jf2eAjYFyIOf4ej3RN+184cZbzDvbPnuTJIUhPKKJE3cIsYTiAT3w==",
          "dev": true,
          "requires": {
            "@babel/highlight": "^7.22.13",
            "chalk": "^2.4.2"
          }
        },
        "@babel/generator": {
          "version": "7.23.0",
          "resolved": "https://registry.npmjs.org/@babel/generator/-/generator-7.23.0.tgz",
          "integrity": "sha512-lN85QRR+5IbYrMWM6Y4pE/noaQtg4pNiqeNGX60eqOfo6gtEj6uw/JagelB8vVztSd7R6M5n1+PQkDbHbBRU4g==",
          "dev": true,
          "requires": {
            "@babel/types": "^7.23.0",
            "@jridgewell/gen-mapping": "^0.3.2",
            "@jridgewell/trace-mapping": "^0.3.17",
            "jsesc": "^2.5.1"
          }
        },
        "@babel/helper-environment-visitor": {
          "version": "7.22.20",
          "resolved": "https://registry.npmjs.org/@babel/helper-environment-visitor/-/helper-environment-visitor-7.22.20.tgz",
          "integrity": "sha512-zfedSIzFhat/gFhWfHtgWvlec0nqB9YEIVrpuwjruLlXfUSnA8cJB0miHKwqDnQ7d32aKo2xt88/xZptwxbfhA==",
          "dev": true
        },
        "@babel/helper-function-name": {
          "version": "7.23.0",
          "resolved": "https://registry.npmjs.org/@babel/helper-function-name/-/helper-function-name-7.23.0.tgz",
          "integrity": "sha512-OErEqsrxjZTJciZ4Oo+eoZqeW9UIiOcuYKRJA4ZAgV9myA+pOXhhmpfNCKjEH/auVfEYVFJ6y1Tc4r0eIApqiw==",
          "dev": true,
          "requires": {
            "@babel/template": "^7.22.15",
            "@babel/types": "^7.23.0"
          }
        },
        "@babel/helper-hoist-variables": {
          "version": "7.22.5",
          "resolved": "https://registry.npmjs.org/@babel/helper-hoist-variables/-/helper-hoist-variables-7.22.5.tgz",
          "integrity": "sha512-wGjk9QZVzvknA6yKIUURb8zY3grXCcOZt+/7Wcy8O2uctxhplmUPkOdlgoNhmdVee2c92JXbf1xpMtVNbfoxRw==",
          "dev": true,
          "requires": {
            "@babel/types": "^7.22.5"
          }
        },
        "@babel/helper-split-export-declaration": {
          "version": "7.22.6",
          "resolved": "https://registry.npmjs.org/@babel/helper-split-export-declaration/-/helper-split-export-declaration-7.22.6.tgz",
          "integrity": "sha512-AsUnxuLhRYsisFiaJwvp1QF+I3KjD5FOxut14q/GzovUe6orHLesW2C7d754kRm53h5gqrz6sFl6sxc4BVtE/g==",
          "dev": true,
          "requires": {
            "@babel/types": "^7.22.5"
          }
        },
        "@babel/helper-string-parser": {
          "version": "7.22.5",
          "resolved": "https://registry.npmjs.org/@babel/helper-string-parser/-/helper-string-parser-7.22.5.tgz",
          "integrity": "sha512-mM4COjgZox8U+JcXQwPijIZLElkgEpO5rsERVDJTc2qfCDfERyob6k5WegS14SX18IIjv+XD+GrqNumY5JRCDw==",
          "dev": true
        },
        "@babel/helper-validator-identifier": {
          "version": "7.22.20",
          "resolved": "https://registry.npmjs.org/@babel/helper-validator-identifier/-/helper-validator-identifier-7.22.20.tgz",
          "integrity": "sha512-Y4OZ+ytlatR8AI+8KZfKuL5urKp7qey08ha31L8b3BwewJAoJamTzyvxPR/5D+KkdJCGPq/+8TukHBlY10FX9A==",
          "dev": true
        },
        "@babel/highlight": {
          "version": "7.22.20",
          "resolved": "https://registry.npmjs.org/@babel/highlight/-/highlight-7.22.20.tgz",
          "integrity": "sha512-dkdMCN3py0+ksCgYmGG8jKeGA/8Tk+gJwSYYlFGxG5lmhfKNoAy004YpLxpS1W2J8m/EK2Ew+yOs9pVRwO89mg==",
          "dev": true,
          "requires": {
            "@babel/helper-validator-identifier": "^7.22.20",
            "chalk": "^2.4.2",
            "js-tokens": "^4.0.0"
          }
        },
        "@babel/parser": {
          "version": "7.23.0",
          "resolved": "https://registry.npmjs.org/@babel/parser/-/parser-7.23.0.tgz",
          "integrity": "sha512-vvPKKdMemU85V9WE/l5wZEmImpCtLqbnTvqDS2U1fJ96KrxoW7KrXhNsNCblQlg8Ck4b85yxdTyelsMUgFUXiw==",
          "dev": true
        },
        "@babel/template": {
          "version": "7.22.15",
          "resolved": "https://registry.npmjs.org/@babel/template/-/template-7.22.15.tgz",
          "integrity": "sha512-QPErUVm4uyJa60rkI73qneDacvdvzxshT3kksGqlGWYdOTIUOwJ7RDUL8sGqslY1uXWSL6xMFKEXDS3ox2uF0w==",
          "dev": true,
          "requires": {
            "@babel/code-frame": "^7.22.13",
            "@babel/parser": "^7.22.15",
            "@babel/types": "^7.22.15"
          }
        },
        "@babel/types": {
          "version": "7.23.0",
          "resolved": "https://registry.npmjs.org/@babel/types/-/types-7.23.0.tgz",
          "integrity": "sha512-0oIyUfKoI3mSqMvsxBdclDwxXKXAUA8v/apZbc+iSyARYou1o8ZGDxbUYyLFoW2arqS2jDGqJuZvv1d/io1axg==",
          "dev": true,
          "requires": {
            "@babel/helper-string-parser": "^7.22.5",
            "@babel/helper-validator-identifier": "^7.22.20",
            "to-fast-properties": "^2.0.0"
          }
        },
        "@jridgewell/gen-mapping": {
          "version": "0.3.3",
          "resolved": "https://registry.npmjs.org/@jridgewell/gen-mapping/-/gen-mapping-0.3.3.tgz",
          "integrity": "sha512-HLhSWOLRi875zjjMG/r+Nv0oCW8umGb0BgEhyX3dDX3egwZtB8PqLnjz3yedt8R5StBrzcg4aBpnh8UA9D1BoQ==",
          "dev": true,
          "requires": {
            "@jridgewell/set-array": "^1.0.1",
            "@jridgewell/sourcemap-codec": "^1.4.10",
            "@jridgewell/trace-mapping": "^0.3.9"
          }
        },
        "@jridgewell/trace-mapping": {
          "version": "0.3.20",
          "resolved": "https://registry.npmjs.org/@jridgewell/trace-mapping/-/trace-mapping-0.3.20.tgz",
          "integrity": "sha512-R8LcPeWZol2zR8mmH3JeKQ6QRCFb7XgUhV9ZlGhHLGyg4wpPiPZNQOOWhFZhxKw8u//yTbNGI42Bx/3paXEQ+Q==",
          "dev": true,
          "requires": {
            "@jridgewell/resolve-uri": "^3.1.0",
            "@jridgewell/sourcemap-codec": "^1.4.14"
          }
        },
        "ansi-styles": {
          "version": "3.2.1",
          "resolved": "https://registry.npmjs.org/ansi-styles/-/ansi-styles-3.2.1.tgz",
          "integrity": "sha512-VT0ZI6kZRdTh8YyJw3SMbYm/u+NqfsAxEpWO0Pf9sq8/e94WxxOpPKx9FR1FlyCtOVDNOQ+8ntlqFxiRc+r5qA==",
          "dev": true,
          "requires": {
            "color-convert": "^1.9.0"
          }
        },
        "chalk": {
          "version": "2.4.2",
          "resolved": "https://registry.npmjs.org/chalk/-/chalk-2.4.2.tgz",
          "integrity": "sha512-Mti+f9lpJNcwF4tWV8/OrTTtF1gZi+f8FqlyAdouralcFWFQWF2+NgCHShjkCb+IFBLq9buZwE1xckQU4peSuQ==",
          "dev": true,
          "requires": {
            "ansi-styles": "^3.2.1",
            "escape-string-regexp": "^1.0.5",
            "supports-color": "^5.3.0"
          }
        },
        "color-convert": {
          "version": "1.9.3",
          "resolved": "https://registry.npmjs.org/color-convert/-/color-convert-1.9.3.tgz",
          "integrity": "sha512-QfAUtd+vFdAtFQcC8CCyYt1fYWxSqAiK2cSD6zDB8N3cpsEBAvRxp9zOGg6G/SHHJYAT88/az/IuDGALsNVbGg==",
          "dev": true,
          "requires": {
            "color-name": "1.1.3"
          }
        },
        "color-name": {
          "version": "1.1.3",
          "resolved": "https://registry.npmjs.org/color-name/-/color-name-1.1.3.tgz",
          "integrity": "sha512-72fSenhMw2HZMTVHeCA9KCmpEIbzWiQsjN+BHcBbS9vr1mtt+vJjPdksIBNUmKAW8TFUDPJK5SUU3QhE9NEXDw==",
          "dev": true
        },
        "has-flag": {
          "version": "3.0.0",
          "resolved": "https://registry.npmjs.org/has-flag/-/has-flag-3.0.0.tgz",
          "integrity": "sha512-sKJf1+ceQBr4SMkvQnBDNDtf4TXpVhVGateu0t918bl30FnbE2m4vNLX+VWe/dpjlb+HugGYzW7uQXH98HPEYw==",
          "dev": true
        },
        "supports-color": {
          "version": "5.5.0",
          "resolved": "https://registry.npmjs.org/supports-color/-/supports-color-5.5.0.tgz",
          "integrity": "sha512-QjVjwdXIt408MIiAqCX4oUKsgU2EqAGzs2Ppkm4aQYbjm+ZEWEcW4SfFNTr4uMNZma0ey4f5lgLrkB0aX0QMow==",
          "dev": true,
          "requires": {
            "has-flag": "^3.0.0"
          }
        }
      }
    },
    "@babel/types": {
      "version": "7.18.13",
      "resolved": "https://registry.npmjs.org/@babel/types/-/types-7.18.13.tgz",
      "integrity": "sha512-ePqfTihzW0W6XAU+aMw2ykilisStJfDnsejDCXRchCcMJ4O0+8DhPXf2YUbZ6wjBlsEmZwLK/sPweWtu8hcJYQ==",
      "dev": true,
      "requires": {
        "@babel/helper-string-parser": "^7.18.10",
        "@babel/helper-validator-identifier": "^7.18.6",
        "to-fast-properties": "^2.0.0"
      }
    },
    "@bcoe/v8-coverage": {
      "version": "0.2.3",
      "resolved": "https://registry.npmjs.org/@bcoe/v8-coverage/-/v8-coverage-0.2.3.tgz",
      "integrity": "sha512-0hYQ8SB4Db5zvZB4axdMHGwEaQjkZzFjQiN9LVYvIFB2nSUHW9tYpxWriPrWDASIxiaXax83REcLxuSdnGPZtw==",
      "dev": true
    },
    "@cspotcode/source-map-support": {
      "version": "0.8.1",
      "resolved": "https://registry.npmjs.org/@cspotcode/source-map-support/-/source-map-support-0.8.1.tgz",
      "integrity": "sha512-IchNf6dN4tHoMFIn/7OE8LWZ19Y6q/67Bmf6vnGREv8RSbBVb9LPJxEcnwrcwX6ixSvaiGoomAUvu4YSxXrVgw==",
      "dev": true,
      "requires": {
        "@jridgewell/trace-mapping": "0.3.9"
      },
      "dependencies": {
        "@jridgewell/trace-mapping": {
          "version": "0.3.9",
          "resolved": "https://registry.npmjs.org/@jridgewell/trace-mapping/-/trace-mapping-0.3.9.tgz",
          "integrity": "sha512-3Belt6tdc8bPgAtbcmdtNJlirVoTmEb5e2gC94PnkwEW9jI6CAHUeoG85tjWP5WquqfavoMtMwiG4P926ZKKuQ==",
          "dev": true,
          "requires": {
            "@jridgewell/resolve-uri": "^3.0.3",
            "@jridgewell/sourcemap-codec": "^1.4.10"
          }
        }
      }
    },
    "@istanbuljs/load-nyc-config": {
      "version": "1.1.0",
      "resolved": "https://registry.npmjs.org/@istanbuljs/load-nyc-config/-/load-nyc-config-1.1.0.tgz",
      "integrity": "sha512-VjeHSlIzpv/NyD3N0YuHfXOPDIixcA1q2ZV98wsMqcYlPmv2n3Yb2lYP9XMElnaFVXg5A7YLTeLu6V84uQDjmQ==",
      "dev": true,
      "requires": {
        "camelcase": "^5.3.1",
        "find-up": "^4.1.0",
        "get-package-type": "^0.1.0",
        "js-yaml": "^3.13.1",
        "resolve-from": "^5.0.0"
      }
    },
    "@istanbuljs/schema": {
      "version": "0.1.3",
      "resolved": "https://registry.npmjs.org/@istanbuljs/schema/-/schema-0.1.3.tgz",
      "integrity": "sha512-ZXRY4jNvVgSVQ8DL3LTcakaAtXwTVUxE81hslsyD2AtoXW/wVob10HkOJ1X/pAlcI7D+2YoZKg5do8G/w6RYgA==",
      "dev": true
    },
    "@jest/console": {
      "version": "27.5.1",
      "resolved": "https://registry.npmjs.org/@jest/console/-/console-27.5.1.tgz",
      "integrity": "sha512-kZ/tNpS3NXn0mlXXXPNuDZnb4c0oZ20r4K5eemM2k30ZC3G0T02nXUvyhf5YdbXWHPEJLc9qGLxEZ216MdL+Zg==",
      "dev": true,
      "requires": {
        "@jest/types": "^27.5.1",
        "@types/node": "*",
        "chalk": "^4.0.0",
        "jest-message-util": "^27.5.1",
        "jest-util": "^27.5.1",
        "slash": "^3.0.0"
      }
    },
    "@jest/core": {
      "version": "27.5.1",
      "resolved": "https://registry.npmjs.org/@jest/core/-/core-27.5.1.tgz",
      "integrity": "sha512-AK6/UTrvQD0Cd24NSqmIA6rKsu0tKIxfiCducZvqxYdmMisOYAsdItspT+fQDQYARPf8XgjAFZi0ogW2agH5nQ==",
      "dev": true,
      "requires": {
        "@jest/console": "^27.5.1",
        "@jest/reporters": "^27.5.1",
        "@jest/test-result": "^27.5.1",
        "@jest/transform": "^27.5.1",
        "@jest/types": "^27.5.1",
        "@types/node": "*",
        "ansi-escapes": "^4.2.1",
        "chalk": "^4.0.0",
        "emittery": "^0.8.1",
        "exit": "^0.1.2",
        "graceful-fs": "^4.2.9",
        "jest-changed-files": "^27.5.1",
        "jest-config": "^27.5.1",
        "jest-haste-map": "^27.5.1",
        "jest-message-util": "^27.5.1",
        "jest-regex-util": "^27.5.1",
        "jest-resolve": "^27.5.1",
        "jest-resolve-dependencies": "^27.5.1",
        "jest-runner": "^27.5.1",
        "jest-runtime": "^27.5.1",
        "jest-snapshot": "^27.5.1",
        "jest-util": "^27.5.1",
        "jest-validate": "^27.5.1",
        "jest-watcher": "^27.5.1",
        "micromatch": "^4.0.4",
        "rimraf": "^3.0.0",
        "slash": "^3.0.0",
        "strip-ansi": "^6.0.0"
      }
    },
    "@jest/environment": {
      "version": "27.5.1",
      "resolved": "https://registry.npmjs.org/@jest/environment/-/environment-27.5.1.tgz",
      "integrity": "sha512-/WQjhPJe3/ghaol/4Bq480JKXV/Rfw8nQdN7f41fM8VDHLcxKXou6QyXAh3EFr9/bVG3x74z1NWDkP87EiY8gA==",
      "dev": true,
      "requires": {
        "@jest/fake-timers": "^27.5.1",
        "@jest/types": "^27.5.1",
        "@types/node": "*",
        "jest-mock": "^27.5.1"
      }
    },
    "@jest/fake-timers": {
      "version": "27.5.1",
      "resolved": "https://registry.npmjs.org/@jest/fake-timers/-/fake-timers-27.5.1.tgz",
      "integrity": "sha512-/aPowoolwa07k7/oM3aASneNeBGCmGQsc3ugN4u6s4C/+s5M64MFo/+djTdiwcbQlRfFElGuDXWzaWj6QgKObQ==",
      "dev": true,
      "requires": {
        "@jest/types": "^27.5.1",
        "@sinonjs/fake-timers": "^8.0.1",
        "@types/node": "*",
        "jest-message-util": "^27.5.1",
        "jest-mock": "^27.5.1",
        "jest-util": "^27.5.1"
      }
    },
    "@jest/globals": {
      "version": "27.5.1",
      "resolved": "https://registry.npmjs.org/@jest/globals/-/globals-27.5.1.tgz",
      "integrity": "sha512-ZEJNB41OBQQgGzgyInAv0UUfDDj3upmHydjieSxFvTRuZElrx7tXg/uVQ5hYVEwiXs3+aMsAeEc9X7xiSKCm4Q==",
      "dev": true,
      "requires": {
        "@jest/environment": "^27.5.1",
        "@jest/types": "^27.5.1",
        "expect": "^27.5.1"
      }
    },
    "@jest/reporters": {
      "version": "27.5.1",
      "resolved": "https://registry.npmjs.org/@jest/reporters/-/reporters-27.5.1.tgz",
      "integrity": "sha512-cPXh9hWIlVJMQkVk84aIvXuBB4uQQmFqZiacloFuGiP3ah1sbCxCosidXFDfqG8+6fO1oR2dTJTlsOy4VFmUfw==",
      "dev": true,
      "requires": {
        "@bcoe/v8-coverage": "^0.2.3",
        "@jest/console": "^27.5.1",
        "@jest/test-result": "^27.5.1",
        "@jest/transform": "^27.5.1",
        "@jest/types": "^27.5.1",
        "@types/node": "*",
        "chalk": "^4.0.0",
        "collect-v8-coverage": "^1.0.0",
        "exit": "^0.1.2",
        "glob": "^7.1.2",
        "graceful-fs": "^4.2.9",
        "istanbul-lib-coverage": "^3.0.0",
        "istanbul-lib-instrument": "^5.1.0",
        "istanbul-lib-report": "^3.0.0",
        "istanbul-lib-source-maps": "^4.0.0",
        "istanbul-reports": "^3.1.3",
        "jest-haste-map": "^27.5.1",
        "jest-resolve": "^27.5.1",
        "jest-util": "^27.5.1",
        "jest-worker": "^27.5.1",
        "slash": "^3.0.0",
        "source-map": "^0.6.0",
        "string-length": "^4.0.1",
        "terminal-link": "^2.0.0",
        "v8-to-istanbul": "^8.1.0"
      }
    },
    "@jest/source-map": {
      "version": "27.5.1",
      "resolved": "https://registry.npmjs.org/@jest/source-map/-/source-map-27.5.1.tgz",
      "integrity": "sha512-y9NIHUYF3PJRlHk98NdC/N1gl88BL08aQQgu4k4ZopQkCw9t9cV8mtl3TV8b/YCB8XaVTFrmUTAJvjsntDireg==",
      "dev": true,
      "requires": {
        "callsites": "^3.0.0",
        "graceful-fs": "^4.2.9",
        "source-map": "^0.6.0"
      }
    },
    "@jest/test-result": {
      "version": "27.5.1",
      "resolved": "https://registry.npmjs.org/@jest/test-result/-/test-result-27.5.1.tgz",
      "integrity": "sha512-EW35l2RYFUcUQxFJz5Cv5MTOxlJIQs4I7gxzi2zVU7PJhOwfYq1MdC5nhSmYjX1gmMmLPvB3sIaC+BkcHRBfag==",
      "dev": true,
      "requires": {
        "@jest/console": "^27.5.1",
        "@jest/types": "^27.5.1",
        "@types/istanbul-lib-coverage": "^2.0.0",
        "collect-v8-coverage": "^1.0.0"
      }
    },
    "@jest/test-sequencer": {
      "version": "27.5.1",
      "resolved": "https://registry.npmjs.org/@jest/test-sequencer/-/test-sequencer-27.5.1.tgz",
      "integrity": "sha512-LCheJF7WB2+9JuCS7VB/EmGIdQuhtqjRNI9A43idHv3E4KltCTsPsLxvdaubFHSYwY/fNjMWjl6vNRhDiN7vpQ==",